// !$*UTF8*$!
{
	archiveVersion = 1;
	classes = {
	};
	objectVersion = 55;
	objects = {

/* Begin PBXBuildFile section */
		4960D98231FD2F4D0D1DCFCE /* Pods_PlanMaster.framework in Frameworks */ = {isa = PBXBuildFile; fileRef = 2133B190AAE75FA928355C36 /* Pods_PlanMaster.framework */; };
		CC25D8C1281CACCA00621A3C /* MapViewController.swift in Sources */ = {isa = PBXBuildFile; fileRef = CC25D8C0281CACCA00621A3C /* MapViewController.swift */; };
		CC2D5307280E08E300C259A5 /* AppDelegate.swift in Sources */ = {isa = PBXBuildFile; fileRef = CC2D5306280E08E300C259A5 /* AppDelegate.swift */; };
		CC2D5309280E08E300C259A5 /* SceneDelegate.swift in Sources */ = {isa = PBXBuildFile; fileRef = CC2D5308280E08E300C259A5 /* SceneDelegate.swift */; };
		CC2D530B280E08E300C259A5 /* ViewController.swift in Sources */ = {isa = PBXBuildFile; fileRef = CC2D530A280E08E300C259A5 /* ViewController.swift */; };
		CC2D530E280E08E300C259A5 /* Main.storyboard in Resources */ = {isa = PBXBuildFile; fileRef = CC2D530C280E08E300C259A5 /* Main.storyboard */; };
		CC2D5310280E08E400C259A5 /* Assets.xcassets in Resources */ = {isa = PBXBuildFile; fileRef = CC2D530F280E08E400C259A5 /* Assets.xcassets */; };
		CC2D5313280E08E400C259A5 /* LaunchScreen.storyboard in Resources */ = {isa = PBXBuildFile; fileRef = CC2D5311280E08E400C259A5 /* LaunchScreen.storyboard */; };
		CC2D531B280E091B00C259A5 /* Plan.swift in Sources */ = {isa = PBXBuildFile; fileRef = CC2D531A280E091B00C259A5 /* Plan.swift */; };
		CC2D531D280E135F00C259A5 /* PlansDataModel.swift in Sources */ = {isa = PBXBuildFile; fileRef = CC2D531C280E135F00C259A5 /* PlansDataModel.swift */; };
		CC2D531F280E199200C259A5 /* PlansModel.swift in Sources */ = {isa = PBXBuildFile; fileRef = CC2D531E280E199200C259A5 /* PlansModel.swift */; };
		CC2D5321280E422E00C259A5 /* NewPlanViewController.swift in Sources */ = {isa = PBXBuildFile; fileRef = CC2D5320280E422E00C259A5 /* NewPlanViewController.swift */; };
		CC2D5323280E4C4900C259A5 /* PlansTableViewController.swift in Sources */ = {isa = PBXBuildFile; fileRef = CC2D5322280E4C4900C259A5 /* PlansTableViewController.swift */; };
		CC2D5328280E757400C259A5 /* PlansTableViewCell.swift in Sources */ = {isa = PBXBuildFile; fileRef = CC2D5326280E757400C259A5 /* PlansTableViewCell.swift */; };
		CC2D5329280E757400C259A5 /* PlansTableViewCell.xib in Resources */ = {isa = PBXBuildFile; fileRef = CC2D5327280E757400C259A5 /* PlansTableViewCell.xib */; };
		CC463ECE281733CD00ECFA65 /* SpecificPlanTableViewController.swift in Sources */ = {isa = PBXBuildFile; fileRef = CC463ECD281733CD00ECFA65 /* SpecificPlanTableViewController.swift */; };
		CC463ED028178BFD00ECFA65 /* DestinationViewController.swift in Sources */ = {isa = PBXBuildFile; fileRef = CC463ECF28178BFD00ECFA65 /* DestinationViewController.swift */; };
		CC463ED228178C1900ECFA65 /* TransportationViewController.swift in Sources */ = {isa = PBXBuildFile; fileRef = CC463ED128178C1900ECFA65 /* TransportationViewController.swift */; };
		CCA266632823493E00BCF27A /* Localizable.strings in Resources */ = {isa = PBXBuildFile; fileRef = CCA266652823493E00BCF27A /* Localizable.strings */; };
/* End PBXBuildFile section */

/* Begin PBXFileReference section */
		2133B190AAE75FA928355C36 /* Pods_PlanMaster.framework */ = {isa = PBXFileReference; explicitFileType = wrapper.framework; includeInIndex = 0; path = Pods_PlanMaster.framework; sourceTree = BUILT_PRODUCTS_DIR; };
		733F7441C2CF997F70820D43 /* Pods-PlanMaster.debug.xcconfig */ = {isa = PBXFileReference; includeInIndex = 1; lastKnownFileType = text.xcconfig; name = "Pods-PlanMaster.debug.xcconfig"; path = "Target Support Files/Pods-PlanMaster/Pods-PlanMaster.debug.xcconfig"; sourceTree = "<group>"; };
		CC25D8C0281CACCA00621A3C /* MapViewController.swift */ = {isa = PBXFileReference; lastKnownFileType = sourcecode.swift; path = MapViewController.swift; sourceTree = "<group>"; };
		CC2D5303280E08E300C259A5 /* PlanMaster.app */ = {isa = PBXFileReference; explicitFileType = wrapper.application; includeInIndex = 0; path = PlanMaster.app; sourceTree = BUILT_PRODUCTS_DIR; };
		CC2D5306280E08E300C259A5 /* AppDelegate.swift */ = {isa = PBXFileReference; lastKnownFileType = sourcecode.swift; path = AppDelegate.swift; sourceTree = "<group>"; };
		CC2D5308280E08E300C259A5 /* SceneDelegate.swift */ = {isa = PBXFileReference; lastKnownFileType = sourcecode.swift; path = SceneDelegate.swift; sourceTree = "<group>"; };
		CC2D530A280E08E300C259A5 /* ViewController.swift */ = {isa = PBXFileReference; lastKnownFileType = sourcecode.swift; path = ViewController.swift; sourceTree = "<group>"; };
		CC2D530D280E08E300C259A5 /* Base */ = {isa = PBXFileReference; lastKnownFileType = file.storyboard; name = Base; path = Base.lproj/Main.storyboard; sourceTree = "<group>"; };
		CC2D530F280E08E400C259A5 /* Assets.xcassets */ = {isa = PBXFileReference; lastKnownFileType = folder.assetcatalog; path = Assets.xcassets; sourceTree = "<group>"; };
		CC2D5312280E08E400C259A5 /* Base */ = {isa = PBXFileReference; lastKnownFileType = file.storyboard; name = Base; path = Base.lproj/LaunchScreen.storyboard; sourceTree = "<group>"; };
		CC2D5314280E08E400C259A5 /* Info.plist */ = {isa = PBXFileReference; lastKnownFileType = text.plist.xml; path = Info.plist; sourceTree = "<group>"; };
		CC2D531A280E091B00C259A5 /* Plan.swift */ = {isa = PBXFileReference; lastKnownFileType = sourcecode.swift; path = Plan.swift; sourceTree = "<group>"; };
		CC2D531C280E135F00C259A5 /* PlansDataModel.swift */ = {isa = PBXFileReference; lastKnownFileType = sourcecode.swift; path = PlansDataModel.swift; sourceTree = "<group>"; };
		CC2D531E280E199200C259A5 /* PlansModel.swift */ = {isa = PBXFileReference; lastKnownFileType = sourcecode.swift; path = PlansModel.swift; sourceTree = "<group>"; };
		CC2D5320280E422E00C259A5 /* NewPlanViewController.swift */ = {isa = PBXFileReference; lastKnownFileType = sourcecode.swift; path = NewPlanViewController.swift; sourceTree = "<group>"; };
		CC2D5322280E4C4900C259A5 /* PlansTableViewController.swift */ = {isa = PBXFileReference; lastKnownFileType = sourcecode.swift; path = PlansTableViewController.swift; sourceTree = "<group>"; };
		CC2D5326280E757400C259A5 /* PlansTableViewCell.swift */ = {isa = PBXFileReference; lastKnownFileType = sourcecode.swift; path = PlansTableViewCell.swift; sourceTree = "<group>"; };
		CC2D5327280E757400C259A5 /* PlansTableViewCell.xib */ = {isa = PBXFileReference; lastKnownFileType = file.xib; path = PlansTableViewCell.xib; sourceTree = "<group>"; };
		CC463ECD281733CD00ECFA65 /* SpecificPlanTableViewController.swift */ = {isa = PBXFileReference; lastKnownFileType = sourcecode.swift; path = SpecificPlanTableViewController.swift; sourceTree = "<group>"; };
		CC463ECF28178BFD00ECFA65 /* DestinationViewController.swift */ = {isa = PBXFileReference; lastKnownFileType = sourcecode.swift; path = DestinationViewController.swift; sourceTree = "<group>"; };
		CC463ED128178C1900ECFA65 /* TransportationViewController.swift */ = {isa = PBXFileReference; lastKnownFileType = sourcecode.swift; path = TransportationViewController.swift; sourceTree = "<group>"; };
		CCA266642823493E00BCF27A /* en */ = {isa = PBXFileReference; lastKnownFileType = text.plist.strings; name = en; path = en.lproj/Localizable.strings; sourceTree = "<group>"; };
		CCA266662823496F00BCF27A /* ko */ = {isa = PBXFileReference; lastKnownFileType = text.plist.strings; name = ko; path = ko.lproj/Main.strings; sourceTree = "<group>"; };
		CCA266672823496F00BCF27A /* ko */ = {isa = PBXFileReference; lastKnownFileType = text.plist.strings; name = ko; path = ko.lproj/LaunchScreen.strings; sourceTree = "<group>"; };
		CCA266682823496F00BCF27A /* ko */ = {isa = PBXFileReference; lastKnownFileType = text.plist.strings; name = ko; path = ko.lproj/Localizable.strings; sourceTree = "<group>"; };
		DA3C3A89E3708B8B8BD352BA /* Pods-PlanMaster.release.xcconfig */ = {isa = PBXFileReference; includeInIndex = 1; lastKnownFileType = text.xcconfig; name = "Pods-PlanMaster.release.xcconfig"; path = "Target Support Files/Pods-PlanMaster/Pods-PlanMaster.release.xcconfig"; sourceTree = "<group>"; };
/* End PBXFileReference section */

/* Begin PBXFrameworksBuildPhase section */
		CC2D5300280E08E300C259A5 /* Frameworks */ = {
			isa = PBXFrameworksBuildPhase;
			buildActionMask = 2147483647;
			files = (
				4960D98231FD2F4D0D1DCFCE /* Pods_PlanMaster.framework in Frameworks */,
			);
			runOnlyForDeploymentPostprocessing = 0;
		};
/* End PBXFrameworksBuildPhase section */

/* Begin PBXGroup section */
		5ABC3FBFA299ACC6EA057284 /* Frameworks */ = {
			isa = PBXGroup;
			children = (
				2133B190AAE75FA928355C36 /* Pods_PlanMaster.framework */,
			);
			name = Frameworks;
			sourceTree = "<group>";
		};
		8909B3B3B280B34536B036DB /* Pods */ = {
			isa = PBXGroup;
			children = (
				733F7441C2CF997F70820D43 /* Pods-PlanMaster.debug.xcconfig */,
				DA3C3A89E3708B8B8BD352BA /* Pods-PlanMaster.release.xcconfig */,
			);
			path = Pods;
			sourceTree = "<group>";
		};
		CC2D52FA280E08E300C259A5 = {
			isa = PBXGroup;
			children = (
				CCA266652823493E00BCF27A /* Localizable.strings */,
				CC2D5305280E08E300C259A5 /* PlanMaster */,
				CC2D5304280E08E300C259A5 /* Products */,
				8909B3B3B280B34536B036DB /* Pods */,
				5ABC3FBFA299ACC6EA057284 /* Frameworks */,
			);
			sourceTree = "<group>";
		};
		CC2D5304280E08E300C259A5 /* Products */ = {
			isa = PBXGroup;
			children = (
				CC2D5303280E08E300C259A5 /* PlanMaster.app */,
			);
			name = Products;
			sourceTree = "<group>";
		};
		CC2D5305280E08E300C259A5 /* PlanMaster */ = {
			isa = PBXGroup;
			children = (
				CC2D5322280E4C4900C259A5 /* PlansTableViewController.swift */,
				CC2D5306280E08E300C259A5 /* AppDelegate.swift */,
				CC25D8C0281CACCA00621A3C /* MapViewController.swift */,
				CC2D5308280E08E300C259A5 /* SceneDelegate.swift */,
				CC2D530A280E08E300C259A5 /* ViewController.swift */,
				CC2D530C280E08E300C259A5 /* Main.storyboard */,
				CC463ED128178C1900ECFA65 /* TransportationViewController.swift */,
				CC463ECF28178BFD00ECFA65 /* DestinationViewController.swift */,
				CC463ECD281733CD00ECFA65 /* SpecificPlanTableViewController.swift */,
				CC2D5326280E757400C259A5 /* PlansTableViewCell.swift */,
				CC2D5327280E757400C259A5 /* PlansTableViewCell.xib */,
				CC2D5320280E422E00C259A5 /* NewPlanViewController.swift */,
				CC2D531A280E091B00C259A5 /* Plan.swift */,
				CC2D531C280E135F00C259A5 /* PlansDataModel.swift */,
				CC2D531E280E199200C259A5 /* PlansModel.swift */,
				CC2D530F280E08E400C259A5 /* Assets.xcassets */,
				CC2D5311280E08E400C259A5 /* LaunchScreen.storyboard */,
				CC2D5314280E08E400C259A5 /* Info.plist */,
			);
			path = PlanMaster;
			sourceTree = "<group>";
		};
/* End PBXGroup section */

/* Begin PBXNativeTarget section */
		CC2D5302280E08E300C259A5 /* PlanMaster */ = {
			isa = PBXNativeTarget;
			buildConfigurationList = CC2D5317280E08E400C259A5 /* Build configuration list for PBXNativeTarget "PlanMaster" */;
			buildPhases = (
				FD93ED7B18257233818CB54D /* [CP] Check Pods Manifest.lock */,
				CC2D52FF280E08E300C259A5 /* Sources */,
				CC2D5300280E08E300C259A5 /* Frameworks */,
				CC2D5301280E08E300C259A5 /* Resources */,
				4B83BEC0511D06DE568EB104 /* [CP] Copy Pods Resources */,
			);
			buildRules = (
			);
			dependencies = (
			);
			name = PlanMaster;
			productName = PlanMaster;
			productReference = CC2D5303280E08E300C259A5 /* PlanMaster.app */;
			productType = "com.apple.product-type.application";
		};
/* End PBXNativeTarget section */

/* Begin PBXProject section */
		CC2D52FB280E08E300C259A5 /* Project object */ = {
			isa = PBXProject;
			attributes = {
				BuildIndependentTargetsInParallel = 1;
				LastSwiftUpdateCheck = 1330;
				LastUpgradeCheck = 1330;
				TargetAttributes = {
					CC2D5302280E08E300C259A5 = {
						CreatedOnToolsVersion = 13.3;
					};
				};
			};
			buildConfigurationList = CC2D52FE280E08E300C259A5 /* Build configuration list for PBXProject "PlanMaster" */;
			compatibilityVersion = "Xcode 13.0";
			developmentRegion = en;
			hasScannedForEncodings = 0;
			knownRegions = (
				en,
				Base,
				ko,
			);
			mainGroup = CC2D52FA280E08E300C259A5;
			productRefGroup = CC2D5304280E08E300C259A5 /* Products */;
			projectDirPath = "";
			projectRoot = "";
			targets = (
				CC2D5302280E08E300C259A5 /* PlanMaster */,
			);
		};
/* End PBXProject section */

/* Begin PBXResourcesBuildPhase section */
		CC2D5301280E08E300C259A5 /* Resources */ = {
			isa = PBXResourcesBuildPhase;
			buildActionMask = 2147483647;
			files = (
				CCA266632823493E00BCF27A /* Localizable.strings in Resources */,
				CC2D5329280E757400C259A5 /* PlansTableViewCell.xib in Resources */,
				CC2D5313280E08E400C259A5 /* LaunchScreen.storyboard in Resources */,
				CC2D5310280E08E400C259A5 /* Assets.xcassets in Resources */,
				CC2D530E280E08E300C259A5 /* Main.storyboard in Resources */,
			);
			runOnlyForDeploymentPostprocessing = 0;
		};
/* End PBXResourcesBuildPhase section */

/* Begin PBXShellScriptBuildPhase section */
		4B83BEC0511D06DE568EB104 /* [CP] Copy Pods Resources */ = {
			isa = PBXShellScriptBuildPhase;
			buildActionMask = 2147483647;
			files = (
			);
			inputFileListPaths = (
				"${PODS_ROOT}/Target Support Files/Pods-PlanMaster/Pods-PlanMaster-resources-${CONFIGURATION}-input-files.xcfilelist",
			);
			name = "[CP] Copy Pods Resources";
			outputFileListPaths = (
				"${PODS_ROOT}/Target Support Files/Pods-PlanMaster/Pods-PlanMaster-resources-${CONFIGURATION}-output-files.xcfilelist",
			);
			runOnlyForDeploymentPostprocessing = 0;
			shellPath = /bin/sh;
			shellScript = "\"${PODS_ROOT}/Target Support Files/Pods-PlanMaster/Pods-PlanMaster-resources.sh\"\n";
			showEnvVarsInLog = 0;
		};
		FD93ED7B18257233818CB54D /* [CP] Check Pods Manifest.lock */ = {
			isa = PBXShellScriptBuildPhase;
			buildActionMask = 2147483647;
			files = (
			);
			inputFileListPaths = (
			);
			inputPaths = (
				"${PODS_PODFILE_DIR_PATH}/Podfile.lock",
				"${PODS_ROOT}/Manifest.lock",
			);
			name = "[CP] Check Pods Manifest.lock";
			outputFileListPaths = (
			);
			outputPaths = (
				"$(DERIVED_FILE_DIR)/Pods-PlanMaster-checkManifestLockResult.txt",
			);
			runOnlyForDeploymentPostprocessing = 0;
			shellPath = /bin/sh;
			shellScript = "diff \"${PODS_PODFILE_DIR_PATH}/Podfile.lock\" \"${PODS_ROOT}/Manifest.lock\" > /dev/null\nif [ $? != 0 ] ; then\n    # print error to STDERR\n    echo \"error: The sandbox is not in sync with the Podfile.lock. Run 'pod install' or update your CocoaPods installation.\" >&2\n    exit 1\nfi\n# This output is used by Xcode 'outputs' to avoid re-running this script phase.\necho \"SUCCESS\" > \"${SCRIPT_OUTPUT_FILE_0}\"\n";
			showEnvVarsInLog = 0;
		};
/* End PBXShellScriptBuildPhase section */

/* Begin PBXSourcesBuildPhase section */
		CC2D52FF280E08E300C259A5 /* Sources */ = {
			isa = PBXSourcesBuildPhase;
			buildActionMask = 2147483647;
			files = (
				CC463ED228178C1900ECFA65 /* TransportationViewController.swift in Sources */,
				CC2D531B280E091B00C259A5 /* Plan.swift in Sources */,
				CC463ECE281733CD00ECFA65 /* SpecificPlanTableViewController.swift in Sources */,
				CC2D530B280E08E300C259A5 /* ViewController.swift in Sources */,
				CC463ED028178BFD00ECFA65 /* DestinationViewController.swift in Sources */,
				CC2D531F280E199200C259A5 /* PlansModel.swift in Sources */,
				CC25D8C1281CACCA00621A3C /* MapViewController.swift in Sources */,
				CC2D5321280E422E00C259A5 /* NewPlanViewController.swift in Sources */,
				CC2D531D280E135F00C259A5 /* PlansDataModel.swift in Sources */,
				CC2D5328280E757400C259A5 /* PlansTableViewCell.swift in Sources */,
				CC2D5307280E08E300C259A5 /* AppDelegate.swift in Sources */,
				CC2D5323280E4C4900C259A5 /* PlansTableViewController.swift in Sources */,
				CC2D5309280E08E300C259A5 /* SceneDelegate.swift in Sources */,
			);
			runOnlyForDeploymentPostprocessing = 0;
		};
/* End PBXSourcesBuildPhase section */

/* Begin PBXVariantGroup section */
		CC2D530C280E08E300C259A5 /* Main.storyboard */ = {
			isa = PBXVariantGroup;
			children = (
				CC2D530D280E08E300C259A5 /* Base */,
				CCA266662823496F00BCF27A /* ko */,
			);
			name = Main.storyboard;
			sourceTree = "<group>";
		};
		CC2D5311280E08E400C259A5 /* LaunchScreen.storyboard */ = {
			isa = PBXVariantGroup;
			children = (
				CC2D5312280E08E400C259A5 /* Base */,
				CCA266672823496F00BCF27A /* ko */,
			);
			name = LaunchScreen.storyboard;
			sourceTree = "<group>";
		};
		CCA266652823493E00BCF27A /* Localizable.strings */ = {
			isa = PBXVariantGroup;
			children = (
				CCA266642823493E00BCF27A /* en */,
				CCA266682823496F00BCF27A /* ko */,
			);
			name = Localizable.strings;
			sourceTree = "<group>";
		};
/* End PBXVariantGroup section */

/* Begin XCBuildConfiguration section */
		CC2D5315280E08E400C259A5 /* Debug */ = {
			isa = XCBuildConfiguration;
			buildSettings = {
				ALWAYS_SEARCH_USER_PATHS = NO;
				CLANG_ANALYZER_LOCALIZABILITY_NONLOCALIZED = YES;
				CLANG_ANALYZER_NONNULL = YES;
				CLANG_ANALYZER_NUMBER_OBJECT_CONVERSION = YES_AGGRESSIVE;
				CLANG_CXX_LANGUAGE_STANDARD = "gnu++17";
				CLANG_ENABLE_MODULES = YES;
				CLANG_ENABLE_OBJC_ARC = YES;
				CLANG_ENABLE_OBJC_WEAK = YES;
				CLANG_WARN_BLOCK_CAPTURE_AUTORELEASING = YES;
				CLANG_WARN_BOOL_CONVERSION = YES;
				CLANG_WARN_COMMA = YES;
				CLANG_WARN_CONSTANT_CONVERSION = YES;
				CLANG_WARN_DEPRECATED_OBJC_IMPLEMENTATIONS = YES;
				CLANG_WARN_DIRECT_OBJC_ISA_USAGE = YES_ERROR;
				CLANG_WARN_DOCUMENTATION_COMMENTS = YES;
				CLANG_WARN_EMPTY_BODY = YES;
				CLANG_WARN_ENUM_CONVERSION = YES;
				CLANG_WARN_INFINITE_RECURSION = YES;
				CLANG_WARN_INT_CONVERSION = YES;
				CLANG_WARN_NON_LITERAL_NULL_CONVERSION = YES;
				CLANG_WARN_OBJC_IMPLICIT_RETAIN_SELF = YES;
				CLANG_WARN_OBJC_LITERAL_CONVERSION = YES;
				CLANG_WARN_OBJC_ROOT_CLASS = YES_ERROR;
				CLANG_WARN_QUOTED_INCLUDE_IN_FRAMEWORK_HEADER = YES;
				CLANG_WARN_RANGE_LOOP_ANALYSIS = YES;
				CLANG_WARN_STRICT_PROTOTYPES = YES;
				CLANG_WARN_SUSPICIOUS_MOVE = YES;
				CLANG_WARN_UNGUARDED_AVAILABILITY = YES_AGGRESSIVE;
				CLANG_WARN_UNREACHABLE_CODE = YES;
				CLANG_WARN__DUPLICATE_METHOD_MATCH = YES;
				COPY_PHASE_STRIP = NO;
				DEBUG_INFORMATION_FORMAT = dwarf;
				ENABLE_STRICT_OBJC_MSGSEND = YES;
				ENABLE_TESTABILITY = YES;
				GCC_C_LANGUAGE_STANDARD = gnu11;
				GCC_DYNAMIC_NO_PIC = NO;
				GCC_NO_COMMON_BLOCKS = YES;
				GCC_OPTIMIZATION_LEVEL = 0;
				GCC_PREPROCESSOR_DEFINITIONS = (
					"DEBUG=1",
					"$(inherited)",
				);
				GCC_WARN_64_TO_32_BIT_CONVERSION = YES;
				GCC_WARN_ABOUT_RETURN_TYPE = YES_ERROR;
				GCC_WARN_UNDECLARED_SELECTOR = YES;
				GCC_WARN_UNINITIALIZED_AUTOS = YES_AGGRESSIVE;
				GCC_WARN_UNUSED_FUNCTION = YES;
				GCC_WARN_UNUSED_VARIABLE = YES;
				IPHONEOS_DEPLOYMENT_TARGET = 15.4;
				MTL_ENABLE_DEBUG_INFO = INCLUDE_SOURCE;
				MTL_FAST_MATH = YES;
				ONLY_ACTIVE_ARCH = YES;
				SDKROOT = iphoneos;
				SWIFT_ACTIVE_COMPILATION_CONDITIONS = DEBUG;
				SWIFT_OPTIMIZATION_LEVEL = "-Onone";
			};
			name = Debug;
		};
		CC2D5316280E08E400C259A5 /* Release */ = {
			isa = XCBuildConfiguration;
			buildSettings = {
				ALWAYS_SEARCH_USER_PATHS = NO;
				CLANG_ANALYZER_LOCALIZABILITY_NONLOCALIZED = YES;
				CLANG_ANALYZER_NONNULL = YES;
				CLANG_ANALYZER_NUMBER_OBJECT_CONVERSION = YES_AGGRESSIVE;
				CLANG_CXX_LANGUAGE_STANDARD = "gnu++17";
				CLANG_ENABLE_MODULES = YES;
				CLANG_ENABLE_OBJC_ARC = YES;
				CLANG_ENABLE_OBJC_WEAK = YES;
				CLANG_WARN_BLOCK_CAPTURE_AUTORELEASING = YES;
				CLANG_WARN_BOOL_CONVERSION = YES;
				CLANG_WARN_COMMA = YES;
				CLANG_WARN_CONSTANT_CONVERSION = YES;
				CLANG_WARN_DEPRECATED_OBJC_IMPLEMENTATIONS = YES;
				CLANG_WARN_DIRECT_OBJC_ISA_USAGE = YES_ERROR;
				CLANG_WARN_DOCUMENTATION_COMMENTS = YES;
				CLANG_WARN_EMPTY_BODY = YES;
				CLANG_WARN_ENUM_CONVERSION = YES;
				CLANG_WARN_INFINITE_RECURSION = YES;
				CLANG_WARN_INT_CONVERSION = YES;
				CLANG_WARN_NON_LITERAL_NULL_CONVERSION = YES;
				CLANG_WARN_OBJC_IMPLICIT_RETAIN_SELF = YES;
				CLANG_WARN_OBJC_LITERAL_CONVERSION = YES;
				CLANG_WARN_OBJC_ROOT_CLASS = YES_ERROR;
				CLANG_WARN_QUOTED_INCLUDE_IN_FRAMEWORK_HEADER = YES;
				CLANG_WARN_RANGE_LOOP_ANALYSIS = YES;
				CLANG_WARN_STRICT_PROTOTYPES = YES;
				CLANG_WARN_SUSPICIOUS_MOVE = YES;
				CLANG_WARN_UNGUARDED_AVAILABILITY = YES_AGGRESSIVE;
				CLANG_WARN_UNREACHABLE_CODE = YES;
				CLANG_WARN__DUPLICATE_METHOD_MATCH = YES;
				COPY_PHASE_STRIP = NO;
				DEBUG_INFORMATION_FORMAT = "dwarf-with-dsym";
				ENABLE_NS_ASSERTIONS = NO;
				ENABLE_STRICT_OBJC_MSGSEND = YES;
				GCC_C_LANGUAGE_STANDARD = gnu11;
				GCC_NO_COMMON_BLOCKS = YES;
				GCC_WARN_64_TO_32_BIT_CONVERSION = YES;
				GCC_WARN_ABOUT_RETURN_TYPE = YES_ERROR;
				GCC_WARN_UNDECLARED_SELECTOR = YES;
				GCC_WARN_UNINITIALIZED_AUTOS = YES_AGGRESSIVE;
				GCC_WARN_UNUSED_FUNCTION = YES;
				GCC_WARN_UNUSED_VARIABLE = YES;
				IPHONEOS_DEPLOYMENT_TARGET = 15.4;
				MTL_ENABLE_DEBUG_INFO = NO;
				MTL_FAST_MATH = YES;
				SDKROOT = iphoneos;
				SWIFT_COMPILATION_MODE = wholemodule;
				SWIFT_OPTIMIZATION_LEVEL = "-O";
				VALIDATE_PRODUCT = YES;
			};
			name = Release;
		};
		CC2D5318280E08E400C259A5 /* Debug */ = {
			isa = XCBuildConfiguration;
			baseConfigurationReference = 733F7441C2CF997F70820D43 /* Pods-PlanMaster.debug.xcconfig */;
			buildSettings = {
				ASSETCATALOG_COMPILER_APPICON_NAME = AppIcon;
				ASSETCATALOG_COMPILER_GLOBAL_ACCENT_COLOR_NAME = AccentColor;
				CODE_SIGN_STYLE = Automatic;
				CURRENT_PROJECT_VERSION = 1;
				DEVELOPMENT_TEAM = KN428AM85Y;
				GENERATE_INFOPLIST_FILE = YES;
				INFOPLIST_FILE = PlanMaster/Info.plist;
				INFOPLIST_KEY_CFBundleDisplayName = "Plan Master";
				INFOPLIST_KEY_NSLocationWhenInUseUsageDescription = "Do you allow this app to know your current location?";
				INFOPLIST_KEY_UIApplicationSupportsIndirectInputEvents = YES;
				INFOPLIST_KEY_UILaunchStoryboardName = LaunchScreen;
				INFOPLIST_KEY_UIMainStoryboardFile = Main;
				INFOPLIST_KEY_UISupportedInterfaceOrientations_iPad = "UIInterfaceOrientationPortrait UIInterfaceOrientationPortraitUpsideDown UIInterfaceOrientationLandscapeLeft UIInterfaceOrientationLandscapeRight";
				INFOPLIST_KEY_UISupportedInterfaceOrientations_iPhone = "UIInterfaceOrientationPortrait UIInterfaceOrientationLandscapeLeft UIInterfaceOrientationLandscapeRight";
				LD_RUNPATH_SEARCH_PATHS = (
					"$(inherited)",
					"@executable_path/Frameworks",
				);
				MARKETING_VERSION = 1.0;
				PRODUCT_BUNDLE_IDENTIFIER = com.jennybrain.PlanMaster;
				PRODUCT_NAME = "$(TARGET_NAME)";
				SWIFT_EMIT_LOC_STRINGS = YES;
				SWIFT_VERSION = 5.0;
				TARGETED_DEVICE_FAMILY = "1,2";
			};
			name = Debug;
		};
		CC2D5319280E08E400C259A5 /* Release */ = {
			isa = XCBuildConfiguration;
			baseConfigurationReference = DA3C3A89E3708B8B8BD352BA /* Pods-PlanMaster.release.xcconfig */;
			buildSettings = {
				ASSETCATALOG_COMPILER_APPICON_NAME = AppIcon;
				ASSETCATALOG_COMPILER_GLOBAL_ACCENT_COLOR_NAME = AccentColor;
				CODE_SIGN_STYLE = Automatic;
				CURRENT_PROJECT_VERSION = 1;
				DEVELOPMENT_TEAM = KN428AM85Y;
				GENERATE_INFOPLIST_FILE = YES;
				INFOPLIST_FILE = PlanMaster/Info.plist;
				INFOPLIST_KEY_CFBundleDisplayName = "Plan Master";
				INFOPLIST_KEY_NSLocationWhenInUseUsageDescription = "Do you allow this app to know your current location?";
				INFOPLIST_KEY_UIApplicationSupportsIndirectInputEvents = YES;
				INFOPLIST_KEY_UILaunchStoryboardName = LaunchScreen;
				INFOPLIST_KEY_UIMainStoryboardFile = Main;
				INFOPLIST_KEY_UISupportedInterfaceOrientations_iPad = "UIInterfaceOrientationPortrait UIInterfaceOrientationPortraitUpsideDown UIInterfaceOrientationLandscapeLeft UIInterfaceOrientationLandscapeRight";
				INFOPLIST_KEY_UISupportedInterfaceOrientations_iPhone = "UIInterfaceOrientationPortrait UIInterfaceOrientationLandscapeLeft UIInterfaceOrientationLandscapeRight";
				LD_RUNPATH_SEARCH_PATHS = (
					"$(inherited)",
					"@executable_path/Frameworks",
				);
				MARKETING_VERSION = 1.0;
				PRODUCT_BUNDLE_IDENTIFIER = com.jennybrain.PlanMaster;
				PRODUCT_NAME = "$(TARGET_NAME)";
				SWIFT_EMIT_LOC_STRINGS = YES;
				SWIFT_VERSION = 5.0;
				TARGETED_DEVICE_FAMILY = "1,2";
			};
			name = Release;
		};
/* End XCBuildConfiguration section */

/* Begin XCConfigurationList section */
		CC2D52FE280E08E300C259A5 /* Build configuration list for PBXProject "PlanMaster" */ = {
			isa = XCConfigurationList;
			buildConfigurations = (
				CC2D5315280E08E400C259A5 /* Debug */,
				CC2D5316280E08E400C259A5 /* Release */,
			);
			defaultConfigurationIsVisible = 0;
			defaultConfigurationName = Release;
		};
		CC2D5317280E08E400C259A5 /* Build configuration list for PBXNativeTarget "PlanMaster" */ = {
			isa = XCConfigurationList;
			buildConfigurations = (
				CC2D5318280E08E400C259A5 /* Debug */,
				CC2D5319280E08E400C259A5 /* Release */,
			);
			defaultConfigurationIsVisible = 0;
			defaultConfigurationName = Release;
		};
/* End XCConfigurationList section */
	};
	rootObject = CC2D52FB280E08E300C259A5 /* Project object */;
}
